Microsoft Visual Studio Solution File, Format Version 11.00
# Visual Studio 2010
Project("{FAE04EC0-301F-11D3-BF4B-00C04F79EFBC}") = "Casa", "Casa.csproj", "{E4E76279-53BF-4006-BF51-64E0DE1F32CB}"
EndProject
Global
	GlobalSection(SolutionConfigurationPlatforms) = preSolution
		Debug|Any CPU = Debug|Any CPU
		Release|Any CPU = Release|Any CPU
	EndGlobalSection
	GlobalSection(ProjectConfigurationPlatforms) = postSolution
		{E4E76279-53BF-4006-BF51-64E0DE1F32CB}.Debug|Any CPU.ActiveCfg = Debug|Any CPU
		{E4E76279-53BF-4006-BF51-64E0DE1F32CB}.Debug|Any CPU.Build.0 = Debug|Any CPU
		{E4E76279-53BF-4006-BF51-64E0DE1F32CB}.Release|Any CPU.ActiveCfg = Release|Any CPU
		{E4E76279-53BF-4006-BF51-64E0DE1F32CB}.Release|Any CPU.Build.0 = Release|Any CPU
	EndGlobalSection
	GlobalSection(SolutionProperties) = preSolution
		HideSolutionNode = FALSE
	EndGlobalSection
EndGlobal
